
Microsoft Visual Studio Solution File, Format Version 12.00
# Visual Studio Version 16
VisualStudioVersion = 16.0.29709.97
MinimumVisualStudioVersion = 10.0.40219.1
Project("{9A19103F-16F7-4668-BE54-9A1E7A4F7556}") = "EC2_1601226", "EC2_1601226\EC2_1601226.csproj", "{C51B880C-FAA5-415E-AB11-EEBDF3580FEC}"
EndProject
Global
	GlobalSection(SolutionConfigurationPlatforms) = preSolution
		Debug|Any CPU = Debug|Any CPU
		Release|Any CPU = Release|Any CPU
	EndGlobalSection
	GlobalSection(ProjectConfigurationPlatforms) = postSolution
		{C51B880C-FAA5-415E-AB11-EEBDF3580FEC}.Debug|Any CPU.ActiveCfg = Debug|Any CPU
		{C51B880C-FAA5-415E-AB11-EEBDF3580FEC}.Debug|Any CPU.Build.0 = Debug|Any CPU
		{C51B880C-FAA5-415E-AB11-EEBDF3580FEC}.Release|Any CPU.ActiveCfg = Release|Any CPU
		{C51B880C-FAA5-415E-AB11-EEBDF3580FEC}.Release|Any CPU.Build.0 = Release|Any CPU
	EndGlobalSection
	GlobalSection(SolutionProperties) = preSolution
		HideSolutionNode = FALSE
	EndGlobalSection
	GlobalSection(ExtensibilityGlobals) = postSolution
		SolutionGuid = {303B21AF-4669-41C4-8EC2-FD9158270DFC}
	EndGlobalSection
EndGlobal
